{
  "version": 1,
  "dependencies": {
    "net10.0-windows7.0": {
      "Ical.Net": {
        "type": "Direct",
        "requested": "[5.2.3, )",
        "resolved": "5.2.3",
        "contentHash": "zROvmrRPKqND0e0Bt/wSY+d8iYtL4+sP9mORyjT/ySBiIDfik4iovTjS+L9PFg+zoXfkJ5eBTHK2lX9c7lganw==",
        "dependencies": {
          "NodaTime": "3.2.2"
        }
      },
      "NodaTime": {
        "type": "Transitive",
        "resolved": "3.2.2",
        "contentHash": "dmju5W0UYC3QP/UJM0juKAZkH0HSDMp0gH91A0+mT9M0kgyM2Jm67hUZPl/WRQLq8Lijjqmdk8kyAViWFWM7dA=="
      }
    },
    "net10.0-windows7.0/win-x64": {}
  }
}